
Microsoft Visual Studio Solution File, Format Version 12.00
# Visual Studio Version 17
VisualStudioVersion = 17.1.32407.343
MinimumVisualStudioVersion = 10.0.40219.1
Project("{FAE04EC0-301F-11D3-BF4B-00C04F79EFBC}") = "GPLEX", "GPLEX\GPLEX.csproj", "{440C9EA8-409C-4B1D-88B7-A2B5FFF87700}"
EndProject
Project("{FAE04EC0-301F-11D3-BF4B-00C04F79EFBC}") = "GPLEX.Tests", "GPLEX.Tests\GPLEX.Tests.csproj", "{01D65B6B-5F60-4AEC-A115-39728FCBE37A}"
EndProject
Global
	GlobalSection(SolutionConfigurationPlatforms) = preSolution
		Debug|Any CPU = Debug|Any CPU
		Release|Any CPU = Release|Any CPU
	EndGlobalSection
	GlobalSection(ProjectConfigurationPlatforms) = postSolution
		{440C9EA8-409C-4B1D-88B7-A2B5FFF87700}.Debug|Any CPU.ActiveCfg = Debug|Any CPU
		{440C9EA8-409C-4B1D-88B7-A2B5FFF87700}.Debug|Any CPU.Build.0 = Debug|Any CPU
		{440C9EA8-409C-4B1D-88B7-A2B5FFF87700}.Release|Any CPU.ActiveCfg = Release|Any CPU
		{440C9EA8-409C-4B1D-88B7-A2B5FFF87700}.Release|Any CPU.Build.0 = Release|Any CPU
		{01D65B6B-5F60-4AEC-A115-39728FCBE37A}.Debug|Any CPU.ActiveCfg = Debug|Any CPU
		{01D65B6B-5F60-4AEC-A115-39728FCBE37A}.Debug|Any CPU.Build.0 = Debug|Any CPU
		{01D65B6B-5F60-4AEC-A115-39728FCBE37A}.Release|Any CPU.ActiveCfg = Release|Any CPU
		{01D65B6B-5F60-4AEC-A115-39728FCBE37A}.Release|Any CPU.Build.0 = Release|Any CPU
	EndGlobalSection
	GlobalSection(SolutionProperties) = preSolution
		HideSolutionNode = FALSE
	EndGlobalSection
	GlobalSection(ExtensibilityGlobals) = postSolution
		SolutionGuid = {7970F710-16CD-4639-926B-BC9377474B96}
	EndGlobalSection
EndGlobal
